
Microsoft Visual Studio Solution File, Format Version 12.00
Project("{FAE04EC0-301F-11D3-BF4B-00C04F79EFBC}") = "db_app3", "db_app3\db_app3.csproj", "{505AEC51-6C36-4B4A-B9E8-A6478B85B26D}"
EndProject
Global
	GlobalSection(SolutionConfigurationPlatforms) = preSolution
		Debug|Any CPU = Debug|Any CPU
		Release|Any CPU = Release|Any CPU
	EndGlobalSection
	GlobalSection(ProjectConfigurationPlatforms) = postSolution
		{505AEC51-6C36-4B4A-B9E8-A6478B85B26D}.Debug|Any CPU.ActiveCfg = Debug|Any CPU
		{505AEC51-6C36-4B4A-B9E8-A6478B85B26D}.Debug|Any CPU.Build.0 = Debug|Any CPU
		{505AEC51-6C36-4B4A-B9E8-A6478B85B26D}.Release|Any CPU.ActiveCfg = Release|Any CPU
		{505AEC51-6C36-4B4A-B9E8-A6478B85B26D}.Release|Any CPU.Build.0 = Release|Any CPU
	EndGlobalSection
EndGlobal
